
Microsoft Visual Studio Solution File, Format Version 12.00
# Visual Studio Version 16
VisualStudioVersion = 16.0.31112.23
MinimumVisualStudioVersion = 10.0.40219.1
Project("{FAE04EC0-301F-11D3-BF4B-00C04F79EFBC}") = "AccruentAPI", "AccruentAPI\AccruentAPI.csproj", "{8C3989F8-40D3-4058-93E5-9064E91F6442}"
EndProject
Global
	GlobalSection(SolutionConfigurationPlatforms) = preSolution
		Debug|Any CPU = Debug|Any CPU
		Release|Any CPU = Release|Any CPU
	EndGlobalSection
	GlobalSection(ProjectConfigurationPlatforms) = postSolution
		{8C3989F8-40D3-4058-93E5-9064E91F6442}.Debug|Any CPU.ActiveCfg = Debug|Any CPU
		{8C3989F8-40D3-4058-93E5-9064E91F6442}.Debug|Any CPU.Build.0 = Debug|Any CPU
		{8C3989F8-40D3-4058-93E5-9064E91F6442}.Release|Any CPU.ActiveCfg = Release|Any CPU
		{8C3989F8-40D3-4058-93E5-9064E91F6442}.Release|Any CPU.Build.0 = Release|Any CPU
	EndGlobalSection
	GlobalSection(SolutionProperties) = preSolution
		HideSolutionNode = FALSE
	EndGlobalSection
	GlobalSection(ExtensibilityGlobals) = postSolution
		SolutionGuid = {6924322C-B3BE-41F1-B222-EA5BA4C477BB}
	EndGlobalSection
EndGlobal
