
Microsoft Visual Studio Solution File, Format Version 12.00
# Visual Studio Version 16
VisualStudioVersion = 16.0.31410.357
MinimumVisualStudioVersion = 10.0.40219.1
Project("{FAE04EC0-301F-11D3-BF4B-00C04F79EFBC}") = "AwsS3BucketUploadApi", "AwsS3BucketUploadApi\AwsS3BucketUploadApi.csproj", "{61055673-44C3-4B34-B58F-0E0EC1190014}"
EndProject
Global
	GlobalSection(SolutionConfigurationPlatforms) = preSolution
		Debug|Any CPU = Debug|Any CPU
		Release|Any CPU = Release|Any CPU
	EndGlobalSection
	GlobalSection(ProjectConfigurationPlatforms) = postSolution
		{61055673-44C3-4B34-B58F-0E0EC1190014}.Debug|Any CPU.ActiveCfg = Debug|Any CPU
		{61055673-44C3-4B34-B58F-0E0EC1190014}.Debug|Any CPU.Build.0 = Debug|Any CPU
		{61055673-44C3-4B34-B58F-0E0EC1190014}.Release|Any CPU.ActiveCfg = Release|Any CPU
		{61055673-44C3-4B34-B58F-0E0EC1190014}.Release|Any CPU.Build.0 = Release|Any CPU
	EndGlobalSection
	GlobalSection(SolutionProperties) = preSolution
		HideSolutionNode = FALSE
	EndGlobalSection
	GlobalSection(ExtensibilityGlobals) = postSolution
		SolutionGuid = {73EB0A61-B1A5-4EE0-8576-9A5259F90071}
	EndGlobalSection
EndGlobal
