
Microsoft Visual Studio Solution File, Format Version 12.00
# Visual Studio Version 17
VisualStudioVersion = 17.3.32901.215
MinimumVisualStudioVersion = 10.0.40219.1
Project("{FAE04EC0-301F-11D3-BF4B-00C04F79EFBC}") = "AwsS3Download", "AwsS3Download\AwsS3Download.csproj", "{D21B689D-2752-437E-BF7D-179F1889D40A}"
EndProject
Global
	GlobalSection(SolutionConfigurationPlatforms) = preSolution
		Debug|Any CPU = Debug|Any CPU
		Release|Any CPU = Release|Any CPU
	EndGlobalSection
	GlobalSection(ProjectConfigurationPlatforms) = postSolution
		{D21B689D-2752-437E-BF7D-179F1889D40A}.Debug|Any CPU.ActiveCfg = Debug|Any CPU
		{D21B689D-2752-437E-BF7D-179F1889D40A}.Debug|Any CPU.Build.0 = Debug|Any CPU
		{D21B689D-2752-437E-BF7D-179F1889D40A}.Release|Any CPU.ActiveCfg = Release|Any CPU
		{D21B689D-2752-437E-BF7D-179F1889D40A}.Release|Any CPU.Build.0 = Release|Any CPU
	EndGlobalSection
	GlobalSection(SolutionProperties) = preSolution
		HideSolutionNode = FALSE
	EndGlobalSection
	GlobalSection(ExtensibilityGlobals) = postSolution
		SolutionGuid = {BD99E7A3-2CCA-401E-9F2C-A3D90C94E048}
	EndGlobalSection
EndGlobal
