
Microsoft Visual Studio Solution File, Format Version 12.00
# Visual Studio Version 16
VisualStudioVersion = 16.0.31112.23
MinimumVisualStudioVersion = 10.0.40219.1
Project("{FAE04EC0-301F-11D3-BF4B-00C04F79EFBC}") = "CoreWebApiWithEFCore", "CoreWebApiWithEFCore\CoreWebApiWithEFCore.csproj", "{1ADDFE20-2144-4124-9FBE-2A639F91A3D6}"
EndProject
Global
	GlobalSection(SolutionConfigurationPlatforms) = preSolution
		Debug|Any CPU = Debug|Any CPU
		Release|Any CPU = Release|Any CPU
	EndGlobalSection
	GlobalSection(ProjectConfigurationPlatforms) = postSolution
		{1ADDFE20-2144-4124-9FBE-2A639F91A3D6}.Debug|Any CPU.ActiveCfg = Debug|Any CPU
		{1ADDFE20-2144-4124-9FBE-2A639F91A3D6}.Debug|Any CPU.Build.0 = Debug|Any CPU
		{1ADDFE20-2144-4124-9FBE-2A639F91A3D6}.Release|Any CPU.ActiveCfg = Release|Any CPU
		{1ADDFE20-2144-4124-9FBE-2A639F91A3D6}.Release|Any CPU.Build.0 = Release|Any CPU
	EndGlobalSection
	GlobalSection(SolutionProperties) = preSolution
		HideSolutionNode = FALSE
	EndGlobalSection
	GlobalSection(ExtensibilityGlobals) = postSolution
		SolutionGuid = {4EFCBDB3-64E5-4464-BFF5-7F1686A37602}
	EndGlobalSection
EndGlobal
