
Microsoft Visual Studio Solution File, Format Version 12.00
# Visual Studio Version 16
VisualStudioVersion = 16.0.32901.82
MinimumVisualStudioVersion = 10.0.40219.1
Project("{FAE04EC0-301F-11D3-BF4B-00C04F79EFBC}") = "SchIntegrationAPI", "SchIntegrationAPI\SchIntegrationAPI.csproj", "{F81A8864-943B-467B-8816-50D73935DF17}"
EndProject
Global
	GlobalSection(SolutionConfigurationPlatforms) = preSolution
		Debug|Any CPU = Debug|Any CPU
		Release|Any CPU = Release|Any CPU
	EndGlobalSection
	GlobalSection(ProjectConfigurationPlatforms) = postSolution
		{F81A8864-943B-467B-8816-50D73935DF17}.Debug|Any CPU.ActiveCfg = Debug|Any CPU
		{F81A8864-943B-467B-8816-50D73935DF17}.Debug|Any CPU.Build.0 = Debug|Any CPU
		{F81A8864-943B-467B-8816-50D73935DF17}.Release|Any CPU.ActiveCfg = Release|Any CPU
		{F81A8864-943B-467B-8816-50D73935DF17}.Release|Any CPU.Build.0 = Release|Any CPU
	EndGlobalSection
	GlobalSection(SolutionProperties) = preSolution
		HideSolutionNode = FALSE
	EndGlobalSection
	GlobalSection(ExtensibilityGlobals) = postSolution
		SolutionGuid = {50C51E94-B151-49A4-9870-1C869D8C5CD4}
	EndGlobalSection
EndGlobal
