
Microsoft Visual Studio Solution File, Format Version 12.00
# Visual Studio Version 16
VisualStudioVersion = 16.0.31410.357
MinimumVisualStudioVersion = 10.0.40219.1
Project("{FAE04EC0-301F-11D3-BF4B-00C04F79EFBC}") = "IssueImplemetationDemoApp", "IssueImplemetationDemoApp\IssueImplemetationDemoApp.csproj", "{DC48B36C-940C-4D82-8756-782A7315BAFB}"
EndProject
Global
	GlobalSection(SolutionConfigurationPlatforms) = preSolution
		Debug|Any CPU = Debug|Any CPU
		Release|Any CPU = Release|Any CPU
	EndGlobalSection
	GlobalSection(ProjectConfigurationPlatforms) = postSolution
		{DC48B36C-940C-4D82-8756-782A7315BAFB}.Debug|Any CPU.ActiveCfg = Debug|Any CPU
		{DC48B36C-940C-4D82-8756-782A7315BAFB}.Debug|Any CPU.Build.0 = Debug|Any CPU
		{DC48B36C-940C-4D82-8756-782A7315BAFB}.Release|Any CPU.ActiveCfg = Release|Any CPU
		{DC48B36C-940C-4D82-8756-782A7315BAFB}.Release|Any CPU.Build.0 = Release|Any CPU
	EndGlobalSection
	GlobalSection(SolutionProperties) = preSolution
		HideSolutionNode = FALSE
	EndGlobalSection
	GlobalSection(ExtensibilityGlobals) = postSolution
		SolutionGuid = {6117F517-40B2-4659-A3CF-69A531DDD139}
	EndGlobalSection
EndGlobal
