
Microsoft Visual Studio Solution File, Format Version 12.00
# Visual Studio Version 16
VisualStudioVersion = 16.0.31613.86
MinimumVisualStudioVersion = 10.0.40219.1
Project("{9A19103F-16F7-4668-BE54-9A1E7A4F7556}") = "SSInventory.Web", "SSInventory.Web\SSInventory.Web.csproj", "{CCDAFE9E-90A3-4E1D-B1B3-F0B32E7BCCD4}"
EndProject
Project("{9A19103F-16F7-4668-BE54-9A1E7A4F7556}") = "SSInventory.Core", "SSInventory.Core\SSInventory.Core.csproj", "{7F52C8F6-A9D4-4A96-A8B9-0D892BB73719}"
EndProject
Project("{9A19103F-16F7-4668-BE54-9A1E7A4F7556}") = "SSInventory.Business", "SSInventory.Business\SSInventory.Business.csproj", "{49E76230-E944-4FF8-8C6A-689FE8136E5C}"
EndProject
Project("{9A19103F-16F7-4668-BE54-9A1E7A4F7556}") = "SSInventory.Share", "SSInventory.Share\SSInventory.Share.csproj", "{E6678849-9D82-4400-A8E9-275D8CCAD914}"
EndProject
Global
	GlobalSection(SolutionConfigurationPlatforms) = preSolution
		Debug|Any CPU = Debug|Any CPU
		Release|Any CPU = Release|Any CPU
	EndGlobalSection
	GlobalSection(ProjectConfigurationPlatforms) = postSolution
		{CCDAFE9E-90A3-4E1D-B1B3-F0B32E7BCCD4}.Debug|Any CPU.ActiveCfg = Debug|Any CPU
		{CCDAFE9E-90A3-4E1D-B1B3-F0B32E7BCCD4}.Debug|Any CPU.Build.0 = Debug|Any CPU
		{CCDAFE9E-90A3-4E1D-B1B3-F0B32E7BCCD4}.Release|Any CPU.ActiveCfg = Release|Any CPU
		{CCDAFE9E-90A3-4E1D-B1B3-F0B32E7BCCD4}.Release|Any CPU.Build.0 = Release|Any CPU
		{7F52C8F6-A9D4-4A96-A8B9-0D892BB73719}.Debug|Any CPU.ActiveCfg = Debug|Any CPU
		{7F52C8F6-A9D4-4A96-A8B9-0D892BB73719}.Debug|Any CPU.Build.0 = Debug|Any CPU
		{7F52C8F6-A9D4-4A96-A8B9-0D892BB73719}.Release|Any CPU.ActiveCfg = Release|Any CPU
		{7F52C8F6-A9D4-4A96-A8B9-0D892BB73719}.Release|Any CPU.Build.0 = Release|Any CPU
		{49E76230-E944-4FF8-8C6A-689FE8136E5C}.Debug|Any CPU.ActiveCfg = Debug|Any CPU
		{49E76230-E944-4FF8-8C6A-689FE8136E5C}.Debug|Any CPU.Build.0 = Debug|Any CPU
		{49E76230-E944-4FF8-8C6A-689FE8136E5C}.Release|Any CPU.ActiveCfg = Release|Any CPU
		{49E76230-E944-4FF8-8C6A-689FE8136E5C}.Release|Any CPU.Build.0 = Release|Any CPU
		{E6678849-9D82-4400-A8E9-275D8CCAD914}.Debug|Any CPU.ActiveCfg = Debug|Any CPU
		{E6678849-9D82-4400-A8E9-275D8CCAD914}.Debug|Any CPU.Build.0 = Debug|Any CPU
		{E6678849-9D82-4400-A8E9-275D8CCAD914}.Release|Any CPU.ActiveCfg = Release|Any CPU
		{E6678849-9D82-4400-A8E9-275D8CCAD914}.Release|Any CPU.Build.0 = Release|Any CPU
	EndGlobalSection
	GlobalSection(SolutionProperties) = preSolution
		HideSolutionNode = FALSE
	EndGlobalSection
	GlobalSection(ExtensibilityGlobals) = postSolution
		SolutionGuid = {DF04DDD7-58B6-4911-ABAE-F90E98417B36}
	EndGlobalSection
EndGlobal
