
Microsoft Visual Studio Solution File, Format Version 12.00
# Visual Studio Version 16
VisualStudioVersion = 16.0.31112.23
MinimumVisualStudioVersion = 10.0.40219.1
Project("{FAE04EC0-301F-11D3-BF4B-00C04F79EFBC}") = "DemoNetCoreAppliction", "DemoNetCoreAppliction\DemoNetCoreAppliction.csproj", "{D5850D59-8599-49D8-8A20-D269F406FC2F}"
EndProject
Global
	GlobalSection(SolutionConfigurationPlatforms) = preSolution
		Debug|Any CPU = Debug|Any CPU
		Release|Any CPU = Release|Any CPU
	EndGlobalSection
	GlobalSection(ProjectConfigurationPlatforms) = postSolution
		{D5850D59-8599-49D8-8A20-D269F406FC2F}.Debug|Any CPU.ActiveCfg = Debug|Any CPU
		{D5850D59-8599-49D8-8A20-D269F406FC2F}.Debug|Any CPU.Build.0 = Debug|Any CPU
		{D5850D59-8599-49D8-8A20-D269F406FC2F}.Release|Any CPU.ActiveCfg = Release|Any CPU
		{D5850D59-8599-49D8-8A20-D269F406FC2F}.Release|Any CPU.Build.0 = Release|Any CPU
	EndGlobalSection
	GlobalSection(SolutionProperties) = preSolution
		HideSolutionNode = FALSE
	EndGlobalSection
	GlobalSection(ExtensibilityGlobals) = postSolution
		SolutionGuid = {753431D8-B875-4B41-8700-5CC49B5E695A}
	EndGlobalSection
EndGlobal
